
Microsoft Visual Studio Solution File, Format Version 12.00
# Visual Studio Version 17
VisualStudioVersion = 17.3.32929.385
MinimumVisualStudioVersion = 10.0.40219.1
Project("{9A19103F-16F7-4668-BE54-9A1E7A4F7556}") = "Client_", "Client_\Client_.csproj", "{D030D074-E606-40A4-94FA-0A3CD0BC7B96}"
EndProject
Project("{9A19103F-16F7-4668-BE54-9A1E7A4F7556}") = "Listener_", "Listener_\Listener_.csproj", "{47E7C119-F4DA-423D-A5C5-14195908AB02}"
EndProject
Global
	GlobalSection(SolutionConfigurationPlatforms) = preSolution
		Debug|Any CPU = Debug|Any CPU
		Release|Any CPU = Release|Any CPU
	EndGlobalSection
	GlobalSection(ProjectConfigurationPlatforms) = postSolution
		{D030D074-E606-40A4-94FA-0A3CD0BC7B96}.Debug|Any CPU.ActiveCfg = Debug|Any CPU
		{D030D074-E606-40A4-94FA-0A3CD0BC7B96}.Debug|Any CPU.Build.0 = Debug|Any CPU
		{D030D074-E606-40A4-94FA-0A3CD0BC7B96}.Release|Any CPU.ActiveCfg = Release|Any CPU
		{D030D074-E606-40A4-94FA-0A3CD0BC7B96}.Release|Any CPU.Build.0 = Release|Any CPU
		{47E7C119-F4DA-423D-A5C5-14195908AB02}.Debug|Any CPU.ActiveCfg = Debug|Any CPU
		{47E7C119-F4DA-423D-A5C5-14195908AB02}.Debug|Any CPU.Build.0 = Debug|Any CPU
		{47E7C119-F4DA-423D-A5C5-14195908AB02}.Release|Any CPU.ActiveCfg = Release|Any CPU
		{47E7C119-F4DA-423D-A5C5-14195908AB02}.Release|Any CPU.Build.0 = Release|Any CPU
	EndGlobalSection
	GlobalSection(SolutionProperties) = preSolution
		HideSolutionNode = FALSE
	EndGlobalSection
	GlobalSection(ExtensibilityGlobals) = postSolution
		SolutionGuid = {B118C365-3C06-45A6-BD77-F21CECAFB757}
	EndGlobalSection
EndGlobal
